{
  "name": "@esosdb/utils",
  "version": "1.1.0",
  "lockfileVersion": 2,
  "requires": true,
  "packages": {
    "": {
      "name": "@esosdb/utils",
      "version": "1.1.0",
      "license": "MIT",
      "dependencies": {
        "esosdb": "^2.1.2"
      },
      "devDependencies": {
        "@types/node": "^18.15.11"
      }
    },
    "node_modules/@types/node": {
      "version": "18.15.11",
      "resolved": "https://registry.npmjs.org/@types/node/-/node-18.15.11.tgz",
      "integrity": "sha512-E5Kwq2n4SbMzQOn6wnmBjuK9ouqlURrcZDVfbo9ftDDTFt3nk7ZKK4GMOzoYgnpQJKcxwQw+lGaBvvlMo0qN/Q==",
      "dev": true
    },
    "node_modules/esosdb": {
      "version": "2.1.2",
      "resolved": "https://registry.npmjs.org/esosdb/-/esosdb-2.1.2.tgz",
      "integrity": "sha512-npMGnHU7MF4nxXerEfWFlju7lBljP/mG7faYaiXfluJZLlrqd6Yt+4NTSUfWFc6EgfBDCk01yqG9fgfdd4Hv3w=="
    }
  },
  "dependencies": {
    "@types/node": {
      "version": "18.15.11",
      "resolved": "https://registry.npmjs.org/@types/node/-/node-18.15.11.tgz",
      "integrity": "sha512-E5Kwq2n4SbMzQOn6wnmBjuK9ouqlURrcZDVfbo9ftDDTFt3nk7ZKK4GMOzoYgnpQJKcxwQw+lGaBvvlMo0qN/Q==",
      "dev": true
    },
    "esosdb": {
      "version": "2.1.2",
      "resolved": "https://registry.npmjs.org/esosdb/-/esosdb-2.1.2.tgz",
      "integrity": "sha512-npMGnHU7MF4nxXerEfWFlju7lBljP/mG7faYaiXfluJZLlrqd6Yt+4NTSUfWFc6EgfBDCk01yqG9fgfdd4Hv3w=="
    }
  }
}
