# THIS IS AN AUTOGENERATED FILE. DO NOT EDIT THIS FILE DIRECTLY.
# yarn lockfile v1


"@types/node@^18.15.11":
  "integrity" "sha512-E5Kwq2n4SbMzQOn6wnmBjuK9ouqlURrcZDVfbo9ftDDTFt3nk7ZKK4GMOzoYgnpQJKcxwQw+lGaBvvlMo0qN/Q=="
  "resolved" "https://registry.npmjs.org/@types/node/-/node-18.15.11.tgz"
  "version" "18.15.11"

"esosdb@^2.1.2":
  "integrity" "sha512-npMGnHU7MF4nxXerEfWFlju7lBljP/mG7faYaiXfluJZLlrqd6Yt+4NTSUfWFc6EgfBDCk01yqG9fgfdd4Hv3w=="
  "resolved" "https://registry.npmjs.org/esosdb/-/esosdb-2.1.2.tgz"
  "version" "2.1.2"
